
Microsoft Visual Studio Solution File, Format Version 12.00
# Visual Studio Version 17
VisualStudioVersion = 17.1.32407.343
MinimumVisualStudioVersion = 10.0.40219.1
Project("{FAE04EC0-301F-11D3-BF4B-00C04F79EFBC}") = "ShopApp", "ShopApp\ShopApp.csproj", "{EAEBEC70-D03D-41BB-8442-3FB02FA21256}"
EndProject
Project("{FAE04EC0-301F-11D3-BF4B-00C04F79EFBC}") = "ShopApp.BusinessLogic", "ShopApp.BusinessLogic\ShopApp.BusinessLogic.csproj", "{E14753AE-41A8-490C-BE2E-867F2E217A2B}"
EndProject
Project("{FAE04EC0-301F-11D3-BF4B-00C04F79EFBC}") = "ShopApp.Common", "ShopApp.Common\ShopApp.Common.csproj", "{A972F510-2CE4-4D42-B605-69B7523E28C5}"
EndProject
Global
	GlobalSection(SolutionConfigurationPlatforms) = preSolution
		Debug|Any CPU = Debug|Any CPU
		Release|Any CPU = Release|Any CPU
	EndGlobalSection
	GlobalSection(ProjectConfigurationPlatforms) = postSolution
		{EAEBEC70-D03D-41BB-8442-3FB02FA21256}.Debug|Any CPU.ActiveCfg = Debug|Any CPU
		{EAEBEC70-D03D-41BB-8442-3FB02FA21256}.Debug|Any CPU.Build.0 = Debug|Any CPU
		{EAEBEC70-D03D-41BB-8442-3FB02FA21256}.Release|Any CPU.ActiveCfg = Release|Any CPU
		{EAEBEC70-D03D-41BB-8442-3FB02FA21256}.Release|Any CPU.Build.0 = Release|Any CPU
		{E14753AE-41A8-490C-BE2E-867F2E217A2B}.Debug|Any CPU.ActiveCfg = Debug|Any CPU
		{E14753AE-41A8-490C-BE2E-867F2E217A2B}.Debug|Any CPU.Build.0 = Debug|Any CPU
		{E14753AE-41A8-490C-BE2E-867F2E217A2B}.Release|Any CPU.ActiveCfg = Release|Any CPU
		{E14753AE-41A8-490C-BE2E-867F2E217A2B}.Release|Any CPU.Build.0 = Release|Any CPU
		{A972F510-2CE4-4D42-B605-69B7523E28C5}.Debug|Any CPU.ActiveCfg = Debug|Any CPU
		{A972F510-2CE4-4D42-B605-69B7523E28C5}.Debug|Any CPU.Build.0 = Debug|Any CPU
		{A972F510-2CE4-4D42-B605-69B7523E28C5}.Release|Any CPU.ActiveCfg = Release|Any CPU
		{A972F510-2CE4-4D42-B605-69B7523E28C5}.Release|Any CPU.Build.0 = Release|Any CPU
	EndGlobalSection
	GlobalSection(SolutionProperties) = preSolution
		HideSolutionNode = FALSE
	EndGlobalSection
	GlobalSection(ExtensibilityGlobals) = postSolution
		SolutionGuid = {FCD50DB1-896A-4C7D-A51E-9A5B8B80D29F}
	EndGlobalSection
EndGlobal
